<?xml version="1.0" encoding="utf-8"?>
<Project ToolsVersion="4.0" xmlns="http://schemas.microsoft.com/developer/msbuild/2003">
  <ItemGroup>
    <Filter Include="move_me_out">
      <UniqueIdentifier>{78f8113c-44d2-4192-938f-b6fa6076819c}</UniqueIdentifier>
    </Filter>
    <Filter Include="example">
      <UniqueIdentifier>{7c51c2ad-e821-457a-b6c9-004f53ba3a39}</UniqueIdentifier>
    </Filter>
    <Filter Include="hello_world">
      <UniqueIdentifier>{59d4a58d-3969-4eb1-a1e8-546c93cd5d6c}</UniqueIdentifier>
    </Filter>
  </ItemGroup>
  <ItemGroup>
    <ClCompile Include="..\Classes\hello_world.cpp">
      <Filter>hello_world</Filter>
    </ClCompile>
    <ClCompile Include="..\Classes\move_me_out.cpp">
      <Filter>move_me_out</Filter>
    </ClCompile>
    <ClCompile Include="..\Classes\example.cpp">
      <Filter>example</Filter>
    </ClCompile>
  </ItemGroup>
  <ItemGroup>
    <ClInclude Include="..\Classes\example.h">
      <Filter>example</Filter>
    </ClInclude>
    <ClInclude Include="..\Classes\move_me_out.h">
      <Filter>move_me_out</Filter>
    </ClInclude>
  </ItemGroup>
</Project>